# THIS IS AN AUTOGENERATED FILE. DO NOT EDIT THIS FILE DIRECTLY.
# yarn lockfile v1


"@floating-ui/core@^1.7.5":
  version "1.7.5"
  resolved "https://registry.yarnpkg.com/@floating-ui/core/-/core-1.7.5.tgz#d4af157a03330af5a60e69da7a4692507ada0622"
  integrity sha512-1Ih4WTWyw0+lKyFMcBHGbb5U5FtuHJuujoyyr5zTaWS5EYMeT6Jb2AuDeftsCsEuchO+mM2ij5+q9crhydzLhQ==
  dependencies:
    "@floating-ui/utils" "^0.2.11"

"@floating-ui/dom@^1.7.6":
  version "1.7.6"
  resolved "https://registry.yarnpkg.com/@floating-ui/dom/-/dom-1.7.6.tgz#f915bba5abbb177e1f227cacee1b4d0634b187bf"
  integrity sha512-9gZSAI5XM36880PPMm//9dfiEngYoC6Am2izES1FF406YFsjvyBMmeJ2g4SAju3xWwtuynNRFL2s9hgxpLI5SQ==
  dependencies:
    "@floating-ui/core" "^1.7.5"
    "@floating-ui/utils" "^0.2.11"

"@floating-ui/react-dom@^2.0.0":
  version "2.1.8"
  resolved "https://registry.yarnpkg.com/@floating-ui/react-dom/-/react-dom-2.1.8.tgz#5fb5a20d10aafb9505f38c24f38d00c8e1598893"
  integrity sha512-cC52bHwM/n/CxS87FH0yWdngEZrjdtLW/qVruo68qg+prK7ZQ4YGdut2GyDVpoGeAYe/h899rVeOVm6Oi40k2A==
  dependencies:
    "@floating-ui/dom" "^1.7.6"

"@floating-ui/utils@^0.2.11":
  version "0.2.11"
  resolved "https://registry.yarnpkg.com/@floating-ui/utils/-/utils-0.2.11.tgz#a269e055e40e2f45873bae9d1a2fdccbd314ea3f"
  integrity sha512-RiB/yIh78pcIxl6lLMG0CgBXAZ2Y0eVHqMPYugu+9U0AeT6YBeiJpf7lbdJNIugFP5SIjwNRgo4DhR1Qxi26Gg==

"@radix-ui/number@1.1.2":
  version "1.1.2"
  resolved "https://registry.yarnpkg.com/@radix-ui/number/-/number-1.1.2.tgz#3ace52303a4a570d03dc79bf17d6da49ed40d0cf"
  integrity sha512-ceTwaxc4I5IOi97DgCotl3pqiyRGvffcc0oOsE2dQYaJOFIDsDt4VWG6xEbg1QePv9QWausCEIppud/tJ1wNig==

"@radix-ui/primitive@1.1.4":
  version "1.1.4"
  resolved "https://registry.yarnpkg.com/@radix-ui/primitive/-/primitive-1.1.4.tgz#47ef0f6cff4a1a1c09ebbf6d79159b7f01b967cf"
  integrity sha512-7AdCK9PQyiljKoBDbN8OuctCbd/esdwZPQ8RtOE3SsyQtUpiPb+ND75q0jEhC1m1ecBI0MFNeLJvwIh9iKHRcQ==

"@radix-ui/react-arrow@1.1.9":
  version "1.1.9"
  resolved "https://registry.yarnpkg.com/@radix-ui/react-arrow/-/react-arrow-1.1.9.tgz#fac41c884c6e154fc0d01fda16b659a2d6bcf7c0"
  integrity sha512-yqHW5WQ/cTpU/un7dqqIKNy2iRU8BC0JB78PEzTfCCYvZu1U6W9KwObAniMk9nhSfyotKPQTYaUD/HB0f5muig==
  dependencies:
    "@radix-ui/react-primitive" "2.1.5"

"@radix-ui/react-collection@1.1.9":
  version "1.1.9"
  resolved "https://registry.yarnpkg.com/@radix-ui/react-collection/-/react-collection-1.1.9.tgz#09200355a16dfed0b1001e6e7a46a78dd4ebda61"
  integrity sha512-zuSVi7ziP7uQRqc+yGxsKJfNkdyHv3ZKDaHe0gzg4dRgws96TPKWIiz84tVHP4GEcEl8bC0mdt17NkcxaJHmaQ==
  dependencies:
    "@radix-ui/react-compose-refs" "1.1.3"
    "@radix-ui/react-context" "1.1.4"
    "@radix-ui/react-primitive" "2.1.5"
    "@radix-ui/react-slot" "1.2.5"

"@radix-ui/react-compose-refs@1.1.3":
  version "1.1.3"
  resolved "https://registry.yarnpkg.com/@radix-ui/react-compose-refs/-/react-compose-refs-1.1.3.tgz#5f1e61e1a5f52800d31e7f8affa6d046e38f50d1"
  integrity sha512-rYOP8OMnuuPMQF1uhPVlGNcCDlkokKqGFE3JcxFViIkAXP7EvFWUliJAstrapypaBLJNHbZL6jGhbVDGTwmVhA==

"@radix-ui/react-context@1.1.4":
  version "1.1.4"
  resolved "https://registry.yarnpkg.com/@radix-ui/react-context/-/react-context-1.1.4.tgz#5e39f26ebbefed27836e46e763e8f71e09999ccd"
  integrity sha512-QwH4PO5urrbO+FaGd5Aglg+YJgWTyyuZ3g/6mKvsqraLkglDdckw9JafgL5McL5VEJ6EPNduPaT3ZE9BttDAqg==

"@radix-ui/react-direction@1.1.2":
  version "1.1.2"
  resolved "https://registry.yarnpkg.com/@radix-ui/react-direction/-/react-direction-1.1.2.tgz#9cc69edd659d79fba4101ee0e2dbcffc2024504f"
  integrity sha512-C3vFhbyi4SW3PmbAi6Awpu4OzJtd0MxGurvSsYtr7p7nM8RNB3VAF3CUmnp2j50knpkrRcB7+ycVXzgLgF6yNA==

"@radix-ui/react-dismissable-layer@1.1.12":
  version "1.1.12"
  resolved "https://registry.yarnpkg.com/@radix-ui/react-dismissable-layer/-/react-dismissable-layer-1.1.12.tgz#f06a8f796e6fb7fa7a102cbb3c754024b43ef7f6"
  integrity sha512-MhoruH6xEzsbvOmo4TNgMfmtvRGyDZw4MDSdf4ybMHfezjqwzv6hyd4lsMzBp8K9Sn6sGzCF62x1I7BYUECXOg==
  dependencies:
    "@radix-ui/primitive" "1.1.4"
    "@radix-ui/react-compose-refs" "1.1.3"
    "@radix-ui/react-primitive" "2.1.5"
    "@radix-ui/react-use-callback-ref" "1.1.2"
    "@radix-ui/react-use-escape-keydown" "1.1.2"

"@radix-ui/react-focus-guards@1.1.4":
  version "1.1.4"
  resolved "https://registry.yarnpkg.com/@radix-ui/react-focus-guards/-/react-focus-guards-1.1.4.tgz#3ef07a117ae7aa1430442aaebd766507e69d391c"
  integrity sha512-cot/aB/mOm0IYVYTTmQcEEK1M48lZWi8FlYe5nDPQQ8NYZUlXEFgncJ9p2Kzer3RKSrY7cTTpEMLZKNo9QoP5Q==

"@radix-ui/react-focus-scope@1.1.9":
  version "1.1.9"
  resolved "https://registry.yarnpkg.com/@radix-ui/react-focus-scope/-/react-focus-scope-1.1.9.tgz#c62ac82db36b01957f65a0b4a790f6e85cb0dac3"
  integrity sha512-9Se8t+Zry+1rEOL7Y6l/4ANYU/TOtAtf8O2fKdwLltcaMcm6kOqYGbzO4tMFQ0bvzO920pRAoHpFZ4W85S3keQ==
  dependencies:
    "@radix-ui/react-compose-refs" "1.1.3"
    "@radix-ui/react-primitive" "2.1.5"
    "@radix-ui/react-use-callback-ref" "1.1.2"

"@radix-ui/react-id@1.1.2":
  version "1.1.2"
  resolved "https://registry.yarnpkg.com/@radix-ui/react-id/-/react-id-1.1.2.tgz#6fe97e7289c7133b44f8c9c61fdddf2a6be1421d"
  integrity sha512-orBC88futVpqCmhX1p4cvquNHsELQ+w+vBJnuj3ftETI5bJb0bZn3Tqu3SWN2IOcPycTnMGnhwoermvISt72sA==
  dependencies:
    "@radix-ui/react-use-layout-effect" "1.1.2"

"@radix-ui/react-popper@1.3.0":
  version "1.3.0"
  resolved "https://registry.yarnpkg.com/@radix-ui/react-popper/-/react-popper-1.3.0.tgz#c50631d3cb7e903b7c62944ac7a2f197588aab4b"
  integrity sha512-9PB589e1aWZbrlFUHdz6WiPCL+xLZHQFX7oibqG/6Q0SwOkxDyQX9W/cyPa+sAPPKuC8cpLCpRczE5a/1DiwVQ==
  dependencies:
    "@floating-ui/react-dom" "^2.0.0"
    "@radix-ui/react-arrow" "1.1.9"
    "@radix-ui/react-compose-refs" "1.1.3"
    "@radix-ui/react-context" "1.1.4"
    "@radix-ui/react-primitive" "2.1.5"
    "@radix-ui/react-use-callback-ref" "1.1.2"
    "@radix-ui/react-use-layout-effect" "1.1.2"
    "@radix-ui/react-use-rect" "1.1.2"
    "@radix-ui/react-use-size" "1.1.2"
    "@radix-ui/rect" "1.1.2"

"@radix-ui/react-portal@1.1.11":
  version "1.1.11"
  resolved "https://registry.yarnpkg.com/@radix-ui/react-portal/-/react-portal-1.1.11.tgz#19b2e380268fe7b78bbcfeb953f049f32b0a11af"
  integrity sha512-UEytdjgEh2tJGgD/gZK4FUx6t1rNIlM3U0DENhSrG7I75FGm1DnaDuVUWF1pWAWUwGmn1sCJ1VGHn8LhN1aTOw==
  dependencies:
    "@radix-ui/react-primitive" "2.1.5"
    "@radix-ui/react-use-layout-effect" "1.1.2"

"@radix-ui/react-presence@1.1.6":
  version "1.1.6"
  resolved "https://registry.yarnpkg.com/@radix-ui/react-presence/-/react-presence-1.1.6.tgz#f0edff4f119dbc8ef81611e539a8f58d9afb33c3"
  integrity sha512-zdTk4PlUO0E18HnZ3wYbW0KkJJxWCdiNYp6g6X1PtONFhxVkg01vliTJAmwIszU6mHiyBOoW9P0rAugl5/hULQ==
  dependencies:
    "@radix-ui/react-use-layout-effect" "1.1.2"

"@radix-ui/react-primitive@2.1.5":
  version "2.1.5"
  resolved "https://registry.yarnpkg.com/@radix-ui/react-primitive/-/react-primitive-2.1.5.tgz#4582608da1cde691c8c9a7642666c6f648ee601f"
  integrity sha512-zifXeB8Y88qCYx8PLZ5oQb32KwZub+s925mMoZsBBq9KUQqWKkREubTfs6ASjRPPBe7Jt9O8OHH89+95VG+grA==
  dependencies:
    "@radix-ui/react-slot" "1.2.5"

"@radix-ui/react-select@^2.3.0":
  version "2.3.0"
  resolved "https://registry.yarnpkg.com/@radix-ui/react-select/-/react-select-2.3.0.tgz#6bdb11e04a6c68af4bb0760d957c0bad66070e86"
  integrity sha512-mENc7WpJvJcW8hlMpzfFcHcEhTvYS5JMBmi9HVC1Q00uhBwML086MHYUV8QQdQv6lcu0Wg8dzd1RB8AFADcG/g==
  dependencies:
    "@radix-ui/number" "1.1.2"
    "@radix-ui/primitive" "1.1.4"
    "@radix-ui/react-collection" "1.1.9"
    "@radix-ui/react-compose-refs" "1.1.3"
    "@radix-ui/react-context" "1.1.4"
    "@radix-ui/react-direction" "1.1.2"
    "@radix-ui/react-dismissable-layer" "1.1.12"
    "@radix-ui/react-focus-guards" "1.1.4"
    "@radix-ui/react-focus-scope" "1.1.9"
    "@radix-ui/react-id" "1.1.2"
    "@radix-ui/react-popper" "1.3.0"
    "@radix-ui/react-portal" "1.1.11"
    "@radix-ui/react-presence" "1.1.6"
    "@radix-ui/react-primitive" "2.1.5"
    "@radix-ui/react-slot" "1.2.5"
    "@radix-ui/react-use-callback-ref" "1.1.2"
    "@radix-ui/react-use-controllable-state" "1.2.3"
    "@radix-ui/react-use-layout-effect" "1.1.2"
    "@radix-ui/react-use-previous" "1.1.2"
    "@radix-ui/react-visually-hidden" "1.2.5"
    aria-hidden "^1.2.4"
    react-remove-scroll "^2.7.2"

"@radix-ui/react-slot@1.2.5":
  version "1.2.5"
  resolved "https://registry.yarnpkg.com/@radix-ui/react-slot/-/react-slot-1.2.5.tgz#159bf186ee6e6f07240941c2b1a228097f0c69fa"
  integrity sha512-rCMO3QsIVKv5JTY5CVbo2MvO77SpEqqYc8AvRE7OWqRDOIqAKjsp+DrmnY9uc8NPdxB5E2z47HTYGeE2+NTptg==
  dependencies:
    "@radix-ui/react-compose-refs" "1.1.3"

"@radix-ui/react-use-callback-ref@1.1.2":
  version "1.1.2"
  resolved "https://registry.yarnpkg.com/@radix-ui/react-use-callback-ref/-/react-use-callback-ref-1.1.2.tgz#ddc0bc1381ff3b62368c248808efc45a098bafde"
  integrity sha512-xCso9j1/u8sEgP1RNHjFrXJLApL8LiqOkI1R4ywuN00rxWdYg4oQXuwKLS3i0j5NWLromUD27/4nlxj2UFVvIw==

"@radix-ui/react-use-controllable-state@1.2.3":
  version "1.2.3"
  resolved "https://registry.yarnpkg.com/@radix-ui/react-use-controllable-state/-/react-use-controllable-state-1.2.3.tgz#516996f6443207546aa15a59bc71cdf5b54e01d1"
  integrity sha512-PLzC90MS+ReootmjC597dvopoelpZ8Q61HJkDXZSExitIq7PL55vHNnesAHwguHK0aPfBnpdNzQtv1uliaqQrA==
  dependencies:
    "@radix-ui/react-use-effect-event" "0.0.3"
    "@radix-ui/react-use-layout-effect" "1.1.2"

"@radix-ui/react-use-effect-event@0.0.3":
  version "0.0.3"
  resolved "https://registry.yarnpkg.com/@radix-ui/react-use-effect-event/-/react-use-effect-event-0.0.3.tgz#e8f45e8e6ef64ce5bea7b5a9effc373f067e3530"
  integrity sha512-6c8ZqvPTWILEKnyVkP53EGRCcpnJiKTC21sS/6R1GF5xKyHJJWQEPfkqlcgUkdRQivd6tb23abUwe4ngWmY0JA==
  dependencies:
    "@radix-ui/react-use-layout-effect" "1.1.2"

"@radix-ui/react-use-escape-keydown@1.1.2":
  version "1.1.2"
  resolved "https://registry.yarnpkg.com/@radix-ui/react-use-escape-keydown/-/react-use-escape-keydown-1.1.2.tgz#d63d64956da411192ef15d8c274b94d7d0adb038"
  integrity sha512-2uVLvLjgO7NZCWw01/FdqRwmA42J0BcjPMUCA+koFEOAb+zjqIP7SiFz/7zWPrKnVmSqr76Omq2ALyCuX4dhLw==
  dependencies:
    "@radix-ui/react-use-callback-ref" "1.1.2"

"@radix-ui/react-use-layout-effect@1.1.2":
  version "1.1.2"
  resolved "https://registry.yarnpkg.com/@radix-ui/react-use-layout-effect/-/react-use-layout-effect-1.1.2.tgz#c882e66497174d061f250e65251974b699c65b65"
  integrity sha512-jrBWOxZITuGcnjRCM2t2U5ZPkCLxD+Ym6DjfssS5haTj2iiak/DOb64JeN6OdLfLgptb6/e2kKR+ZuTrGoZTPA==

"@radix-ui/react-use-previous@1.1.2":
  version "1.1.2"
  resolved "https://registry.yarnpkg.com/@radix-ui/react-use-previous/-/react-use-previous-1.1.2.tgz#8fd78d5874de9c150e7b21ab1a411d5bc1a26257"
  integrity sha512-IGBQPtRFdhN6MQ8dbegVmBq1LVZluya3F1jWY+puIcQC3MHctRwTDSBWCkL/3ZcnMJLTMJ++Z+ktmvg0F89iCw==

"@radix-ui/react-use-rect@1.1.2":
  version "1.1.2"
  resolved "https://registry.yarnpkg.com/@radix-ui/react-use-rect/-/react-use-rect-1.1.2.tgz#83b9de1ea8f6abd1425eb79f2930e00047cb8d19"
  integrity sha512-d8a+bBY/FxikNPlgJJoaBHZX+zKVbWHYJGTLnLvveQgFSTntkGdEKv3JDtHrMS0DNYpllz2nRsTLGLKYttbpmw==
  dependencies:
    "@radix-ui/rect" "1.1.2"

"@radix-ui/react-use-size@1.1.2":
  version "1.1.2"
  resolved "https://registry.yarnpkg.com/@radix-ui/react-use-size/-/react-use-size-1.1.2.tgz#33eb275755424d7dda33ffa32c23ea85ca23be40"
  integrity sha512-giWQp+4mxjBPt4KZ0MmyuykFNWfbDxKt4x+fPkRYmgRFJSbCZFzUglvMb/Kjn38tm10YP4ufiQZDx3zna4LU6w==
  dependencies:
    "@radix-ui/react-use-layout-effect" "1.1.2"

"@radix-ui/react-visually-hidden@1.2.5":
  version "1.2.5"
  resolved "https://registry.yarnpkg.com/@radix-ui/react-visually-hidden/-/react-visually-hidden-1.2.5.tgz#4f1992a66138209bd1cf4ae2bb4001cacc9938b6"
  integrity sha512-tPcHNI3FajdDBFpl/Ez1m2WL0ufJqBKyHxMDBvKitopamK36WwBGOMicuMEZKkM5Wce41QxUyv6BsiqfrWBiGg==
  dependencies:
    "@radix-ui/react-primitive" "2.1.5"

"@radix-ui/rect@1.1.2":
  version "1.1.2"
  resolved "https://registry.yarnpkg.com/@radix-ui/rect/-/rect-1.1.2.tgz#0761a82af55c7e302d5b509eaf1c97ea1fc5feea"
  integrity sha512-xnXE7wG13PI+cxieVssYXlQJuYVRhH9NBoxt3KNwzghDIA69GMm7d4wXRouHIYjE+KvS6U/MsMO73NdS2MH9ZA==

aria-hidden@^1.2.4:
  version "1.2.6"
  resolved "https://registry.yarnpkg.com/aria-hidden/-/aria-hidden-1.2.6.tgz#73051c9b088114c795b1ea414e9c0fff874ffc1a"
  integrity sha512-ik3ZgC9dY/lYVVM++OISsaYDeg1tb0VtP5uL3ouh1koGOaUMDPpbFIei4JkFimWUFPn90sbMNMXQAIVOlnYKJA==
  dependencies:
    tslib "^2.0.0"

detect-node-es@^1.1.0:
  version "1.1.0"
  resolved "https://registry.yarnpkg.com/detect-node-es/-/detect-node-es-1.1.0.tgz#163acdf643330caa0b4cd7c21e7ee7755d6fa493"
  integrity sha512-ypdmJU/TbBby2Dxibuv7ZLW3Bs1QEmM7nHjEANfohJLvE0XVujisn1qPJcZxg+qDucsr+bP6fLD1rPS3AhJ7EQ==

get-nonce@^1.0.0:
  version "1.0.1"
  resolved "https://registry.yarnpkg.com/get-nonce/-/get-nonce-1.0.1.tgz#fdf3f0278073820d2ce9426c18f07481b1e0cdf3"
  integrity sha512-FJhYRoDaiatfEkUK8HKlicmu/3SGFD51q3itKDGoSTysQJBnfOcxU5GxnhE1E6soB76MbT0MBtnKJuXyAx+96Q==

react-remove-scroll-bar@^2.3.7:
  version "2.3.8"
  resolved "https://registry.yarnpkg.com/react-remove-scroll-bar/-/react-remove-scroll-bar-2.3.8.tgz#99c20f908ee467b385b68a3469b4a3e750012223"
  integrity sha512-9r+yi9+mgU33AKcj6IbT9oRCO78WriSj6t/cF8DWBZJ9aOGPOTEDvdUDz1FwKim7QXWwmHqtdHnRJfhAxEG46Q==
  dependencies:
    react-style-singleton "^2.2.2"
    tslib "^2.0.0"

react-remove-scroll@^2.7.2:
  version "2.7.2"
  resolved "https://registry.yarnpkg.com/react-remove-scroll/-/react-remove-scroll-2.7.2.tgz#6442da56791117661978ae99cd29be9026fecca0"
  integrity sha512-Iqb9NjCCTt6Hf+vOdNIZGdTiH1QSqr27H/Ek9sv/a97gfueI/5h1s3yRi1nngzMUaOOToin5dI1dXKdXiF+u0Q==
  dependencies:
    react-remove-scroll-bar "^2.3.7"
    react-style-singleton "^2.2.3"
    tslib "^2.1.0"
    use-callback-ref "^1.3.3"
    use-sidecar "^1.1.3"

react-style-singleton@^2.2.2, react-style-singleton@^2.2.3:
  version "2.2.3"
  resolved "https://registry.yarnpkg.com/react-style-singleton/-/react-style-singleton-2.2.3.tgz#4265608be69a4d70cfe3047f2c6c88b2c3ace388"
  integrity sha512-b6jSvxvVnyptAiLjbkWLE/lOnR4lfTtDAl+eUC7RZy+QQWc6wRzIV2CE6xBuMmDxc2qIihtDCZD5NPOFl7fRBQ==
  dependencies:
    get-nonce "^1.0.0"
    tslib "^2.0.0"

tslib@^2.0.0, tslib@^2.1.0:
  version "2.8.1"
  resolved "https://registry.yarnpkg.com/tslib/-/tslib-2.8.1.tgz#612efe4ed235d567e8aba5f2a5fab70280ade83f"
  integrity sha512-oJFu94HQb+KVduSUQL7wnpmqnfmLsOA/nAh6b6EH0wCEoK0/mPeXU6c3wKDV83MkOuHPRHtSXKKU99IBazS/2w==

use-callback-ref@^1.3.3:
  version "1.3.3"
  resolved "https://registry.yarnpkg.com/use-callback-ref/-/use-callback-ref-1.3.3.tgz#98d9fab067075841c5b2c6852090d5d0feabe2bf"
  integrity sha512-jQL3lRnocaFtu3V00JToYz/4QkNWswxijDaCVNZRiRTO3HQDLsdu1ZtmIUvV4yPp+rvWm5j0y0TG/S61cuijTg==
  dependencies:
    tslib "^2.0.0"

use-sidecar@^1.1.3:
  version "1.1.3"
  resolved "https://registry.yarnpkg.com/use-sidecar/-/use-sidecar-1.1.3.tgz#10e7fd897d130b896e2c546c63a5e8233d00efdb"
  integrity sha512-Fedw0aZvkhynoPYlA5WXrMCAMm+nSWdZt6lzJQ7Ok8S6Q+VsHmHpRWndVRJ8Be0ZbkfPc5LRYH+5XrzXcEeLRQ==
  dependencies:
    detect-node-es "^1.1.0"
    tslib "^2.0.0"
